// !$*UTF8*$!
{
	archiveVersion = 1;
	classes = {
	};
	objectVersion = 56;
	objects = {

/* Begin PBXBuildFile section */
		7931571A29F89B2100926C66 /* AppDelegate.swift in Sources */ = {isa = PBXBuildFile; fileRef = 7931571929F89B2100926C66 /* AppDelegate.swift */; };
		7931571C29F89B2100926C66 /* SceneDelegate.swift in Sources */ = {isa = PBXBuildFile; fileRef = 7931571B29F89B2100926C66 /* SceneDelegate.swift */; };
		7931572129F89B2100926C66 /* Main.storyboard in Resources */ = {isa = PBXBuildFile; fileRef = 7931571F29F89B2100926C66 /* Main.storyboard */; };
		7931572329F89B2200926C66 /* Assets.xcassets in Resources */ = {isa = PBXBuildFile; fileRef = 7931572229F89B2200926C66 /* Assets.xcassets */; };
		7931572629F89B2200926C66 /* LaunchScreen.storyboard in Resources */ = {isa = PBXBuildFile; fileRef = 7931572429F89B2200926C66 /* LaunchScreen.storyboard */; };
		7931572E29F8B7E700926C66 /* TabBarController.swift in Sources */ = {isa = PBXBuildFile; fileRef = 7931572D29F8B7E700926C66 /* TabBarController.swift */; };
		7931573029F8BC0000926C66 /* Tela01ViewController.swift in Sources */ = {isa = PBXBuildFile; fileRef = 7931572F29F8BC0000926C66 /* Tela01ViewController.swift */; };
		7931573229F8BC0F00926C66 /* Tela02ViewController.swift in Sources */ = {isa = PBXBuildFile; fileRef = 7931573129F8BC0F00926C66 /* Tela02ViewController.swift */; };
		7931573429F8BC2A00926C66 /* Tela03ViewController.swift in Sources */ = {isa = PBXBuildFile; fileRef = 7931573329F8BC2A00926C66 /* Tela03ViewController.swift */; };
		7933BC2C29FDA3D8004BE03D /* ProfileTableViewCell.swift in Sources */ = {isa = PBXBuildFile; fileRef = 7933BC2A29FDA3D8004BE03D /* ProfileTableViewCell.swift */; };
		7933BC2D29FDA3D8004BE03D /* ProfileTableViewCell.xib in Resources */ = {isa = PBXBuildFile; fileRef = 7933BC2B29FDA3D8004BE03D /* ProfileTableViewCell.xib */; };
		7933BC3029FDA3FE004BE03D /* Profile.swift in Sources */ = {isa = PBXBuildFile; fileRef = 7933BC2F29FDA3FE004BE03D /* Profile.swift */; };
		7933BC352A00675E004BE03D /* ViewModel.swift in Sources */ = {isa = PBXBuildFile; fileRef = 7933BC342A00675E004BE03D /* ViewModel.swift */; };
/* End PBXBuildFile section */

/* Begin PBXFileReference section */
		7931571629F89B2100926C66 /* TabBar.app */ = {isa = PBXFileReference; explicitFileType = wrapper.application; includeInIndex = 0; path = TabBar.app; sourceTree = BUILT_PRODUCTS_DIR; };
		7931571929F89B2100926C66 /* AppDelegate.swift */ = {isa = PBXFileReference; lastKnownFileType = sourcecode.swift; path = AppDelegate.swift; sourceTree = "<group>"; };
		7931571B29F89B2100926C66 /* SceneDelegate.swift */ = {isa = PBXFileReference; lastKnownFileType = sourcecode.swift; path = SceneDelegate.swift; sourceTree = "<group>"; };
		7931572029F89B2100926C66 /* Base */ = {isa = PBXFileReference; lastKnownFileType = file.storyboard; name = Base; path = Base.lproj/Main.storyboard; sourceTree = "<group>"; };
		7931572229F89B2200926C66 /* Assets.xcassets */ = {isa = PBXFileReference; lastKnownFileType = folder.assetcatalog; path = Assets.xcassets; sourceTree = "<group>"; };
		7931572529F89B2200926C66 /* Base */ = {isa = PBXFileReference; lastKnownFileType = file.storyboard; name = Base; path = Base.lproj/LaunchScreen.storyboard; sourceTree = "<group>"; };
		7931572729F89B2200926C66 /* Info.plist */ = {isa = PBXFileReference; lastKnownFileType = text.plist.xml; path = Info.plist; sourceTree = "<group>"; };
		7931572D29F8B7E700926C66 /* TabBarController.swift */ = {isa = PBXFileReference; lastKnownFileType = sourcecode.swift; path = TabBarController.swift; sourceTree = "<group>"; };
		7931572F29F8BC0000926C66 /* Tela01ViewController.swift */ = {isa = PBXFileReference; lastKnownFileType = sourcecode.swift; path = Tela01ViewController.swift; sourceTree = "<group>"; };
		7931573129F8BC0F00926C66 /* Tela02ViewController.swift */ = {isa = PBXFileReference; lastKnownFileType = sourcecode.swift; path = Tela02ViewController.swift; sourceTree = "<group>"; };
		7931573329F8BC2A00926C66 /* Tela03ViewController.swift */ = {isa = PBXFileReference; lastKnownFileType = sourcecode.swift; path = Tela03ViewController.swift; sourceTree = "<group>"; };
		7933BC2A29FDA3D8004BE03D /* ProfileTableViewCell.swift */ = {isa = PBXFileReference; lastKnownFileType = sourcecode.swift; path = ProfileTableViewCell.swift; sourceTree = "<group>"; };
		7933BC2B29FDA3D8004BE03D /* ProfileTableViewCell.xib */ = {isa = PBXFileReference; lastKnownFileType = file.xib; path = ProfileTableViewCell.xib; sourceTree = "<group>"; };
		7933BC2F29FDA3FE004BE03D /* Profile.swift */ = {isa = PBXFileReference; lastKnownFileType = sourcecode.swift; path = Profile.swift; sourceTree = "<group>"; };
		7933BC342A00675E004BE03D /* ViewModel.swift */ = {isa = PBXFileReference; lastKnownFileType = sourcecode.swift; path = ViewModel.swift; sourceTree = "<group>"; };
/* End PBXFileReference section */

/* Begin PBXFrameworksBuildPhase section */
		7931571329F89B2100926C66 /* Frameworks */ = {
			isa = PBXFrameworksBuildPhase;
			buildActionMask = 2147483647;
			files = (
			);
			runOnlyForDeploymentPostprocessing = 0;
		};
/* End PBXFrameworksBuildPhase section */

/* Begin PBXGroup section */
		7931570D29F89B2100926C66 = {
			isa = PBXGroup;
			children = (
				7931571829F89B2100926C66 /* TabBar */,
				7931571729F89B2100926C66 /* Products */,
			);
			sourceTree = "<group>";
		};
		7931571729F89B2100926C66 /* Products */ = {
			isa = PBXGroup;
			children = (
				7931571629F89B2100926C66 /* TabBar.app */,
			);
			name = Products;
			sourceTree = "<group>";
		};
		7931571829F89B2100926C66 /* TabBar */ = {
			isa = PBXGroup;
			children = (
				7933BC3329FDAC97004BE03D /* ViewModel */,
				7933BC3229FDAC6C004BE03D /* Resources */,
				7933BC3129FDAC57004BE03D /* View */,
				7933BC2E29FDA3EE004BE03D /* Model */,
				7933BC2929FDA31A004BE03D /* Cell */,
				7931572729F89B2200926C66 /* Info.plist */,
			);
			path = TabBar;
			sourceTree = "<group>";
		};
		7933BC2929FDA31A004BE03D /* Cell */ = {
			isa = PBXGroup;
			children = (
				7933BC2A29FDA3D8004BE03D /* ProfileTableViewCell.swift */,
				7933BC2B29FDA3D8004BE03D /* ProfileTableViewCell.xib */,
			);
			path = Cell;
			sourceTree = "<group>";
		};
		7933BC2E29FDA3EE004BE03D /* Model */ = {
			isa = PBXGroup;
			children = (
				7933BC2F29FDA3FE004BE03D /* Profile.swift */,
			);
			path = Model;
			sourceTree = "<group>";
		};
		7933BC3129FDAC57004BE03D /* View */ = {
			isa = PBXGroup;
			children = (
				7931572D29F8B7E700926C66 /* TabBarController.swift */,
				7931572F29F8BC0000926C66 /* Tela01ViewController.swift */,
				7931573129F8BC0F00926C66 /* Tela02ViewController.swift */,
				7931573329F8BC2A00926C66 /* Tela03ViewController.swift */,
				7931571F29F89B2100926C66 /* Main.storyboard */,
			);
			path = View;
			sourceTree = "<group>";
		};
		7933BC3229FDAC6C004BE03D /* Resources */ = {
			isa = PBXGroup;
			children = (
				7931571929F89B2100926C66 /* AppDelegate.swift */,
				7931571B29F89B2100926C66 /* SceneDelegate.swift */,
				7931572229F89B2200926C66 /* Assets.xcassets */,
				7931572429F89B2200926C66 /* LaunchScreen.storyboard */,
			);
			path = Resources;
			sourceTree = "<group>";
		};
		7933BC3329FDAC97004BE03D /* ViewModel */ = {
			isa = PBXGroup;
			children = (
				7933BC342A00675E004BE03D /* ViewModel.swift */,
			);
			path = ViewModel;
			sourceTree = "<group>";
		};
/* End PBXGroup section */

/* Begin PBXNativeTarget section */
		7931571529F89B2100926C66 /* TabBar */ = {
			isa = PBXNativeTarget;
			buildConfigurationList = 7931572A29F89B2200926C66 /* Build configuration list for PBXNativeTarget "TabBar" */;
			buildPhases = (
				7931571229F89B2100926C66 /* Sources */,
				7931571329F89B2100926C66 /* Frameworks */,
				7931571429F89B2100926C66 /* Resources */,
			);
			buildRules = (
			);
			dependencies = (
			);
			name = TabBar;
			productName = TabBar;
			productReference = 7931571629F89B2100926C66 /* TabBar.app */;
			productType = "com.apple.product-type.application";
		};
/* End PBXNativeTarget section */

/* Begin PBXProject section */
		7931570E29F89B2100926C66 /* Project object */ = {
			isa = PBXProject;
			attributes = {
				BuildIndependentTargetsInParallel = 1;
				LastSwiftUpdateCheck = 1430;
				LastUpgradeCheck = 1430;
				TargetAttributes = {
					7931571529F89B2100926C66 = {
						CreatedOnToolsVersion = 14.3;
					};
				};
			};
			buildConfigurationList = 7931571129F89B2100926C66 /* Build configuration list for PBXProject "TabBar" */;
			compatibilityVersion = "Xcode 14.0";
			developmentRegion = en;
			hasScannedForEncodings = 0;
			knownRegions = (
				en,
				Base,
			);
			mainGroup = 7931570D29F89B2100926C66;
			productRefGroup = 7931571729F89B2100926C66 /* Products */;
			projectDirPath = "";
			projectRoot = "";
			targets = (
				7931571529F89B2100926C66 /* TabBar */,
			);
		};
/* End PBXProject section */

/* Begin PBXResourcesBuildPhase section */
		7931571429F89B2100926C66 /* Resources */ = {
			isa = PBXResourcesBuildPhase;
			buildActionMask = 2147483647;
			files = (
				7931572629F89B2200926C66 /* LaunchScreen.storyboard in Resources */,
				7933BC2D29FDA3D8004BE03D /* ProfileTableViewCell.xib in Resources */,
				7931572329F89B2200926C66 /* Assets.xcassets in Resources */,
				7931572129F89B2100926C66 /* Main.storyboard in Resources */,
			);
			runOnlyForDeploymentPostprocessing = 0;
		};
/* End PBXResourcesBuildPhase section */

/* Begin PBXSourcesBuildPhase section */
		7931571229F89B2100926C66 /* Sources */ = {
			isa = PBXSourcesBuildPhase;
			buildActionMask = 2147483647;
			files = (
				7931572E29F8B7E700926C66 /* TabBarController.swift in Sources */,
				7933BC352A00675E004BE03D /* ViewModel.swift in Sources */,
				7933BC3029FDA3FE004BE03D /* Profile.swift in Sources */,
				7933BC2C29FDA3D8004BE03D /* ProfileTableViewCell.swift in Sources */,
				7931571A29F89B2100926C66 /* AppDelegate.swift in Sources */,
				7931571C29F89B2100926C66 /* SceneDelegate.swift in Sources */,
				7931573429F8BC2A00926C66 /* Tela03ViewController.swift in Sources */,
				7931573029F8BC0000926C66 /* Tela01ViewController.swift in Sources */,
				7931573229F8BC0F00926C66 /* Tela02ViewController.swift in Sources */,
			);
			runOnlyForDeploymentPostprocessing = 0;
		};
/* End PBXSourcesBuildPhase section */

/* Begin PBXVariantGroup section */
		7931571F29F89B2100926C66 /* Main.storyboard */ = {
			isa = PBXVariantGroup;
			children = (
				7931572029F89B2100926C66 /* Base */,
			);
			name = Main.storyboard;
			sourceTree = "<group>";
		};
		7931572429F89B2200926C66 /* LaunchScreen.storyboard */ = {
			isa = PBXVariantGroup;
			children = (
				7931572529F89B2200926C66 /* Base */,
			);
			name = LaunchScreen.storyboard;
			sourceTree = "<group>";
		};
/* End PBXVariantGroup section */

/* Begin XCBuildConfiguration section */
		7931572829F89B2200926C66 /* Debug */ = {
			isa = XCBuildConfiguration;
			buildSettings = {
				ALWAYS_SEARCH_USER_PATHS = NO;
				CLANG_ANALYZER_NONNULL = YES;
				CLANG_ANALYZER_NUMBER_OBJECT_CONVERSION = YES_AGGRESSIVE;
				CLANG_CXX_LANGUAGE_STANDARD = "gnu++20";
				CLANG_ENABLE_MODULES = YES;
				CLANG_ENABLE_OBJC_ARC = YES;
				CLANG_ENABLE_OBJC_WEAK = YES;
				CLANG_WARN_BLOCK_CAPTURE_AUTORELEASING = YES;
				CLANG_WARN_BOOL_CONVERSION = YES;
				CLANG_WARN_COMMA = YES;
				CLANG_WARN_CONSTANT_CONVERSION = YES;
				CLANG_WARN_DEPRECATED_OBJC_IMPLEMENTATIONS = YES;
				CLANG_WARN_DIRECT_OBJC_ISA_USAGE = YES_ERROR;
				CLANG_WARN_DOCUMENTATION_COMMENTS = YES;
				CLANG_WARN_EMPTY_BODY = YES;
				CLANG_WARN_ENUM_CONVERSION = YES;
				CLANG_WARN_INFINITE_RECURSION = YES;
				CLANG_WARN_INT_CONVERSION = YES;
				CLANG_WARN_NON_LITERAL_NULL_CONVERSION = YES;
				CLANG_WARN_OBJC_IMPLICIT_RETAIN_SELF = YES;
				CLANG_WARN_OBJC_LITERAL_CONVERSION = YES;
				CLANG_WARN_OBJC_ROOT_CLASS = YES_ERROR;
				CLANG_WARN_QUOTED_INCLUDE_IN_FRAMEWORK_HEADER = YES;
				CLANG_WARN_RANGE_LOOP_ANALYSIS = YES;
				CLANG_WARN_STRICT_PROTOTYPES = YES;
				CLANG_WARN_SUSPICIOUS_MOVE = YES;
				CLANG_WARN_UNGUARDED_AVAILABILITY = YES_AGGRESSIVE;
				CLANG_WARN_UNREACHABLE_CODE = YES;
				CLANG_WARN__DUPLICATE_METHOD_MATCH = YES;
				COPY_PHASE_STRIP = NO;
				DEBUG_INFORMATION_FORMAT = dwarf;
				ENABLE_STRICT_OBJC_MSGSEND = YES;
				ENABLE_TESTABILITY = YES;
				GCC_C_LANGUAGE_STANDARD = gnu11;
				GCC_DYNAMIC_NO_PIC = NO;
				GCC_NO_COMMON_BLOCKS = YES;
				GCC_OPTIMIZATION_LEVEL = 0;
				GCC_PREPROCESSOR_DEFINITIONS = (
					"DEBUG=1",
					"$(inherited)",
				);
				GCC_WARN_64_TO_32_BIT_CONVERSION = YES;
				GCC_WARN_ABOUT_RETURN_TYPE = YES_ERROR;
				GCC_WARN_UNDECLARED_SELECTOR = YES;
				GCC_WARN_UNINITIALIZED_AUTOS = YES_AGGRESSIVE;
				GCC_WARN_UNUSED_FUNCTION = YES;
				GCC_WARN_UNUSED_VARIABLE = YES;
				IPHONEOS_DEPLOYMENT_TARGET = 16.4;
				MTL_ENABLE_DEBUG_INFO = INCLUDE_SOURCE;
				MTL_FAST_MATH = YES;
				ONLY_ACTIVE_ARCH = YES;
				SDKROOT = iphoneos;
				SWIFT_ACTIVE_COMPILATION_CONDITIONS = DEBUG;
				SWIFT_OPTIMIZATION_LEVEL = "-Onone";
			};
			name = Debug;
		};
		7931572929F89B2200926C66 /* Release */ = {
			isa = XCBuildConfiguration;
			buildSettings = {
				ALWAYS_SEARCH_USER_PATHS = NO;
				CLANG_ANALYZER_NONNULL = YES;
				CLANG_ANALYZER_NUMBER_OBJECT_CONVERSION = YES_AGGRESSIVE;
				CLANG_CXX_LANGUAGE_STANDARD = "gnu++20";
				CLANG_ENABLE_MODULES = YES;
				CLANG_ENABLE_OBJC_ARC = YES;
				CLANG_ENABLE_OBJC_WEAK = YES;
				CLANG_WARN_BLOCK_CAPTURE_AUTORELEASING = YES;
				CLANG_WARN_BOOL_CONVERSION = YES;
				CLANG_WARN_COMMA = YES;
				CLANG_WARN_CONSTANT_CONVERSION = YES;
				CLANG_WARN_DEPRECATED_OBJC_IMPLEMENTATIONS = YES;
				CLANG_WARN_DIRECT_OBJC_ISA_USAGE = YES_ERROR;
				CLANG_WARN_DOCUMENTATION_COMMENTS = YES;
				CLANG_WARN_EMPTY_BODY = YES;
				CLANG_WARN_ENUM_CONVERSION = YES;
				CLANG_WARN_INFINITE_RECURSION = YES;
				CLANG_WARN_INT_CONVERSION = YES;
				CLANG_WARN_NON_LITERAL_NULL_CONVERSION = YES;
				CLANG_WARN_OBJC_IMPLICIT_RETAIN_SELF = YES;
				CLANG_WARN_OBJC_LITERAL_CONVERSION = YES;
				CLANG_WARN_OBJC_ROOT_CLASS = YES_ERROR;
				CLANG_WARN_QUOTED_INCLUDE_IN_FRAMEWORK_HEADER = YES;
				CLANG_WARN_RANGE_LOOP_ANALYSIS = YES;
				CLANG_WARN_STRICT_PROTOTYPES = YES;
				CLANG_WARN_SUSPICIOUS_MOVE = YES;
				CLANG_WARN_UNGUARDED_AVAILABILITY = YES_AGGRESSIVE;
				CLANG_WARN_UNREACHABLE_CODE = YES;
				CLANG_WARN__DUPLICATE_METHOD_MATCH = YES;
				COPY_PHASE_STRIP = NO;
				DEBUG_INFORMATION_FORMAT = "dwarf-with-dsym";
				ENABLE_NS_ASSERTIONS = NO;
				ENABLE_STRICT_OBJC_MSGSEND = YES;
				GCC_C_LANGUAGE_STANDARD = gnu11;
				GCC_NO_COMMON_BLOCKS = YES;
				GCC_WARN_64_TO_32_BIT_CONVERSION = YES;
				GCC_WARN_ABOUT_RETURN_TYPE = YES_ERROR;
				GCC_WARN_UNDECLARED_SELECTOR = YES;
				GCC_WARN_UNINITIALIZED_AUTOS = YES_AGGRESSIVE;
				GCC_WARN_UNUSED_FUNCTION = YES;
				GCC_WARN_UNUSED_VARIABLE = YES;
				IPHONEOS_DEPLOYMENT_TARGET = 16.4;
				MTL_ENABLE_DEBUG_INFO = NO;
				MTL_FAST_MATH = YES;
				SDKROOT = iphoneos;
				SWIFT_COMPILATION_MODE = wholemodule;
				SWIFT_OPTIMIZATION_LEVEL = "-O";
				VALIDATE_PRODUCT = YES;
			};
			name = Release;
		};
		7931572B29F89B2200926C66 /* Debug */ = {
			isa = XCBuildConfiguration;
			buildSettings = {
				ASSETCATALOG_COMPILER_APPICON_NAME = AppIcon;
				ASSETCATALOG_COMPILER_GLOBAL_ACCENT_COLOR_NAME = AccentColor;
				CODE_SIGN_STYLE = Automatic;
				CURRENT_PROJECT_VERSION = 1;
				DEVELOPMENT_TEAM = DR6UHJF8KP;
				GENERATE_INFOPLIST_FILE = YES;
				INFOPLIST_FILE = TabBar/Info.plist;
				INFOPLIST_KEY_UIApplicationSupportsIndirectInputEvents = YES;
				INFOPLIST_KEY_UILaunchStoryboardName = LaunchScreen;
				INFOPLIST_KEY_UIMainStoryboardFile = Main;
				INFOPLIST_KEY_UISupportedInterfaceOrientations_iPad = "UIInterfaceOrientationPortrait UIInterfaceOrientationPortraitUpsideDown UIInterfaceOrientationLandscapeLeft UIInterfaceOrientationLandscapeRight";
				INFOPLIST_KEY_UISupportedInterfaceOrientations_iPhone = "UIInterfaceOrientationPortrait UIInterfaceOrientationLandscapeLeft UIInterfaceOrientationLandscapeRight";
				LD_RUNPATH_SEARCH_PATHS = (
					"$(inherited)",
					"@executable_path/Frameworks",
				);
				MARKETING_VERSION = 1.0;
				PRODUCT_BUNDLE_IDENTIFIER = wcovi.TabBar;
				PRODUCT_NAME = "$(TARGET_NAME)";
				SWIFT_EMIT_LOC_STRINGS = YES;
				SWIFT_VERSION = 5.0;
				TARGETED_DEVICE_FAMILY = "1,2";
			};
			name = Debug;
		};
		7931572C29F89B2200926C66 /* Release */ = {
			isa = XCBuildConfiguration;
			buildSettings = {
				ASSETCATALOG_COMPILER_APPICON_NAME = AppIcon;
				ASSETCATALOG_COMPILER_GLOBAL_ACCENT_COLOR_NAME = AccentColor;
				CODE_SIGN_STYLE = Automatic;
				CURRENT_PROJECT_VERSION = 1;
				DEVELOPMENT_TEAM = DR6UHJF8KP;
				GENERATE_INFOPLIST_FILE = YES;
				INFOPLIST_FILE = TabBar/Info.plist;
				INFOPLIST_KEY_UIApplicationSupportsIndirectInputEvents = YES;
				INFOPLIST_KEY_UILaunchStoryboardName = LaunchScreen;
				INFOPLIST_KEY_UIMainStoryboardFile = Main;
				INFOPLIST_KEY_UISupportedInterfaceOrientations_iPad = "UIInterfaceOrientationPortrait UIInterfaceOrientationPortraitUpsideDown UIInterfaceOrientationLandscapeLeft UIInterfaceOrientationLandscapeRight";
				INFOPLIST_KEY_UISupportedInterfaceOrientations_iPhone = "UIInterfaceOrientationPortrait UIInterfaceOrientationLandscapeLeft UIInterfaceOrientationLandscapeRight";
				LD_RUNPATH_SEARCH_PATHS = (
					"$(inherited)",
					"@executable_path/Frameworks",
				);
				MARKETING_VERSION = 1.0;
				PRODUCT_BUNDLE_IDENTIFIER = wcovi.TabBar;
				PRODUCT_NAME = "$(TARGET_NAME)";
				SWIFT_EMIT_LOC_STRINGS = YES;
				SWIFT_VERSION = 5.0;
				TARGETED_DEVICE_FAMILY = "1,2";
			};
			name = Release;
		};
/* End XCBuildConfiguration section */

/* Begin XCConfigurationList section */
		7931571129F89B2100926C66 /* Build configuration list for PBXProject "TabBar" */ = {
			isa = XCConfigurationList;
			buildConfigurations = (
				7931572829F89B2200926C66 /* Debug */,
				7931572929F89B2200926C66 /* Release */,
			);
			defaultConfigurationIsVisible = 0;
			defaultConfigurationName = Release;
		};
		7931572A29F89B2200926C66 /* Build configuration list for PBXNativeTarget "TabBar" */ = {
			isa = XCConfigurationList;
			buildConfigurations = (
				7931572B29F89B2200926C66 /* Debug */,
				7931572C29F89B2200926C66 /* Release */,
			);
			defaultConfigurationIsVisible = 0;
			defaultConfigurationName = Release;
		};
/* End XCConfigurationList section */
	};
	rootObject = 7931570E29F89B2100926C66 /* Project object */;
}
